
Microsoft Visual Studio Solution File, Format Version 12.00
# Visual Studio Version 16
VisualStudioVersion = 16.0.30413.136
MinimumVisualStudioVersion = 10.0.40219.1
Project("{9A19103F-16F7-4668-BE54-9A1E7A4F7556}") = "RXNetRedis", "RXNetRedis\RXNetRedis.csproj", "{5CD61443-7E23-41BE-84EA-63A67A3797EA}"
EndProject
Project("{FAE04EC0-301F-11D3-BF4B-00C04F79EFBC}") = "Com.Infrastructure.BasicDomain", "Com.Infrastructure.RedisDomain\Com.Infrastructure.BasicDomain.csproj", "{8E0638EA-B974-45B3-81D1-40464B4F39D8}"
EndProject
Project("{FAE04EC0-301F-11D3-BF4B-00C04F79EFBC}") = "Com.Infrastructure.Bloc", "Com.Infrastructure.Bloc\Com.Infrastructure.Bloc.csproj", "{540BACC2-A9D1-43A4-BC05-FB4C2554C92A}"
EndProject
Project("{FAE04EC0-301F-11D3-BF4B-00C04F79EFBC}") = "Com.Infrastructure.Entitys", "Com.Infrastructure.Entitys\Com.Infrastructure.Entitys.csproj", "{1E933528-5EB0-40B4-89FF-02166B551322}"
EndProject
Project("{FAE04EC0-301F-11D3-BF4B-00C04F79EFBC}") = "Com.Infrastructure.Entitys.Dtos", "Com.Infrastructure.Entitys.DTO\Com.Infrastructure.Entitys.Dtos.csproj", "{77959203-87F2-46FE-A010-3D704214DC4B}"
EndProject
Global
	GlobalSection(SolutionConfigurationPlatforms) = preSolution
		Debug|Any CPU = Debug|Any CPU
		Release|Any CPU = Release|Any CPU
	EndGlobalSection
	GlobalSection(ProjectConfigurationPlatforms) = postSolution
		{5CD61443-7E23-41BE-84EA-63A67A3797EA}.Debug|Any CPU.ActiveCfg = Debug|Any CPU
		{5CD61443-7E23-41BE-84EA-63A67A3797EA}.Debug|Any CPU.Build.0 = Debug|Any CPU
		{5CD61443-7E23-41BE-84EA-63A67A3797EA}.Release|Any CPU.ActiveCfg = Release|Any CPU
		{5CD61443-7E23-41BE-84EA-63A67A3797EA}.Release|Any CPU.Build.0 = Release|Any CPU
		{8E0638EA-B974-45B3-81D1-40464B4F39D8}.Debug|Any CPU.ActiveCfg = Debug|Any CPU
		{8E0638EA-B974-45B3-81D1-40464B4F39D8}.Debug|Any CPU.Build.0 = Debug|Any CPU
		{8E0638EA-B974-45B3-81D1-40464B4F39D8}.Release|Any CPU.ActiveCfg = Release|Any CPU
		{8E0638EA-B974-45B3-81D1-40464B4F39D8}.Release|Any CPU.Build.0 = Release|Any CPU
		{540BACC2-A9D1-43A4-BC05-FB4C2554C92A}.Debug|Any CPU.ActiveCfg = Debug|Any CPU
		{540BACC2-A9D1-43A4-BC05-FB4C2554C92A}.Debug|Any CPU.Build.0 = Debug|Any CPU
		{540BACC2-A9D1-43A4-BC05-FB4C2554C92A}.Release|Any CPU.ActiveCfg = Release|Any CPU
		{540BACC2-A9D1-43A4-BC05-FB4C2554C92A}.Release|Any CPU.Build.0 = Release|Any CPU
		{1E933528-5EB0-40B4-89FF-02166B551322}.Debug|Any CPU.ActiveCfg = Debug|Any CPU
		{1E933528-5EB0-40B4-89FF-02166B551322}.Debug|Any CPU.Build.0 = Debug|Any CPU
		{1E933528-5EB0-40B4-89FF-02166B551322}.Release|Any CPU.ActiveCfg = Release|Any CPU
		{1E933528-5EB0-40B4-89FF-02166B551322}.Release|Any CPU.Build.0 = Release|Any CPU
		{77959203-87F2-46FE-A010-3D704214DC4B}.Debug|Any CPU.ActiveCfg = Debug|Any CPU
		{77959203-87F2-46FE-A010-3D704214DC4B}.Debug|Any CPU.Build.0 = Debug|Any CPU
		{77959203-87F2-46FE-A010-3D704214DC4B}.Release|Any CPU.ActiveCfg = Release|Any CPU
		{77959203-87F2-46FE-A010-3D704214DC4B}.Release|Any CPU.Build.0 = Release|Any CPU
	EndGlobalSection
	GlobalSection(SolutionProperties) = preSolution
		HideSolutionNode = FALSE
	EndGlobalSection
	GlobalSection(ExtensibilityGlobals) = postSolution
		SolutionGuid = {B4EC30E5-B887-4D05-A399-8D74517B810C}
	EndGlobalSection
EndGlobal
