
Microsoft Visual Studio Solution File, Format Version 12.00
# Visual Studio Version 16
VisualStudioVersion = 16.0.30413.136
MinimumVisualStudioVersion = 10.0.40219.1
Project("{9A19103F-16F7-4668-BE54-9A1E7A4F7556}") = "RXNetRedis", "RXNetRedis\RXNetRedis.csproj", "{5CD61443-7E23-41BE-84EA-63A67A3797EA}"
EndProject
Project("{9A19103F-16F7-4668-BE54-9A1E7A4F7556}") = "Com.Infrastructure.Bloc", "Com.Infrastructure.Bloc\Com.Infrastructure.Bloc.csproj", "{540BACC2-A9D1-43A4-BC05-FB4C2554C92A}"
EndProject
Project("{9A19103F-16F7-4668-BE54-9A1E7A4F7556}") = "Com.Infrastructure.Entitys", "Com.Infrastructure.Entitys\Com.Infrastructure.Entitys.csproj", "{1E933528-5EB0-40B4-89FF-02166B551322}"
EndProject
Project("{2150E333-8FDC-42A3-9474-1A3956D46DE8}") = "RabbitmqProject", "RabbitmqProject", "{E13603A3-E540-49F2-9024-0379DDA6748F}"
	ProjectSection(SolutionItems) = preProject
		RabbitmqStudySummary.md = RabbitmqStudySummary.md
	EndProjectSection
EndProject
Project("{9A19103F-16F7-4668-BE54-9A1E7A4F7556}") = "server", "server\server.csproj", "{52539E71-B4FB-4154-A6B7-4241358AB53F}"
EndProject
Project("{9A19103F-16F7-4668-BE54-9A1E7A4F7556}") = "client", "client\client.csproj", "{D0C655EC-1B0B-4230-B2F3-F56777E69275}"
EndProject
Project("{9A19103F-16F7-4668-BE54-9A1E7A4F7556}") = "classlibrary", "classlibrary\classlibrary.csproj", "{E873D77A-ED8C-4D92-9C86-54D05EC0270F}"
EndProject
Project("{9A19103F-16F7-4668-BE54-9A1E7A4F7556}") = "ElasticSearchWeb", "ElasticSearchWeb\ElasticSearchWeb.csproj", "{19E4386F-908F-4225-A01E-CDC99B942AF5}"
EndProject
Project("{9A19103F-16F7-4668-BE54-9A1E7A4F7556}") = "ElasticSearchPC", "ElasticSearchPC\ElasticSearchPC.csproj", "{4CCB0EB9-C55B-4322-8B95-E51A92A77B1B}"
EndProject
Project("{9A19103F-16F7-4668-BE54-9A1E7A4F7556}") = "Com.Infrastructure.BasicDomain", "Com.Infrastructure.BasicDomain\Com.Infrastructure.BasicDomain.csproj", "{76B9F37A-4597-4A18-A634-3AC6EADE4EEA}"
EndProject
Global
	GlobalSection(SolutionConfigurationPlatforms) = preSolution
		Debug|Any CPU = Debug|Any CPU
		Release|Any CPU = Release|Any CPU
	EndGlobalSection
	GlobalSection(ProjectConfigurationPlatforms) = postSolution
		{5CD61443-7E23-41BE-84EA-63A67A3797EA}.Debug|Any CPU.ActiveCfg = Debug|Any CPU
		{5CD61443-7E23-41BE-84EA-63A67A3797EA}.Debug|Any CPU.Build.0 = Debug|Any CPU
		{5CD61443-7E23-41BE-84EA-63A67A3797EA}.Release|Any CPU.ActiveCfg = Release|Any CPU
		{5CD61443-7E23-41BE-84EA-63A67A3797EA}.Release|Any CPU.Build.0 = Release|Any CPU
		{540BACC2-A9D1-43A4-BC05-FB4C2554C92A}.Debug|Any CPU.ActiveCfg = Debug|Any CPU
		{540BACC2-A9D1-43A4-BC05-FB4C2554C92A}.Debug|Any CPU.Build.0 = Debug|Any CPU
		{540BACC2-A9D1-43A4-BC05-FB4C2554C92A}.Release|Any CPU.ActiveCfg = Release|Any CPU
		{540BACC2-A9D1-43A4-BC05-FB4C2554C92A}.Release|Any CPU.Build.0 = Release|Any CPU
		{1E933528-5EB0-40B4-89FF-02166B551322}.Debug|Any CPU.ActiveCfg = Debug|Any CPU
		{1E933528-5EB0-40B4-89FF-02166B551322}.Debug|Any CPU.Build.0 = Debug|Any CPU
		{1E933528-5EB0-40B4-89FF-02166B551322}.Release|Any CPU.ActiveCfg = Release|Any CPU
		{1E933528-5EB0-40B4-89FF-02166B551322}.Release|Any CPU.Build.0 = Release|Any CPU
		{52539E71-B4FB-4154-A6B7-4241358AB53F}.Debug|Any CPU.ActiveCfg = Debug|Any CPU
		{52539E71-B4FB-4154-A6B7-4241358AB53F}.Debug|Any CPU.Build.0 = Debug|Any CPU
		{52539E71-B4FB-4154-A6B7-4241358AB53F}.Release|Any CPU.ActiveCfg = Release|Any CPU
		{52539E71-B4FB-4154-A6B7-4241358AB53F}.Release|Any CPU.Build.0 = Release|Any CPU
		{D0C655EC-1B0B-4230-B2F3-F56777E69275}.Debug|Any CPU.ActiveCfg = Debug|Any CPU
		{D0C655EC-1B0B-4230-B2F3-F56777E69275}.Debug|Any CPU.Build.0 = Debug|Any CPU
		{D0C655EC-1B0B-4230-B2F3-F56777E69275}.Release|Any CPU.ActiveCfg = Release|Any CPU
		{D0C655EC-1B0B-4230-B2F3-F56777E69275}.Release|Any CPU.Build.0 = Release|Any CPU
		{E873D77A-ED8C-4D92-9C86-54D05EC0270F}.Debug|Any CPU.ActiveCfg = Debug|Any CPU
		{E873D77A-ED8C-4D92-9C86-54D05EC0270F}.Debug|Any CPU.Build.0 = Debug|Any CPU
		{E873D77A-ED8C-4D92-9C86-54D05EC0270F}.Release|Any CPU.ActiveCfg = Release|Any CPU
		{E873D77A-ED8C-4D92-9C86-54D05EC0270F}.Release|Any CPU.Build.0 = Release|Any CPU
		{19E4386F-908F-4225-A01E-CDC99B942AF5}.Debug|Any CPU.ActiveCfg = Debug|Any CPU
		{19E4386F-908F-4225-A01E-CDC99B942AF5}.Debug|Any CPU.Build.0 = Debug|Any CPU
		{19E4386F-908F-4225-A01E-CDC99B942AF5}.Release|Any CPU.ActiveCfg = Release|Any CPU
		{19E4386F-908F-4225-A01E-CDC99B942AF5}.Release|Any CPU.Build.0 = Release|Any CPU
		{4CCB0EB9-C55B-4322-8B95-E51A92A77B1B}.Debug|Any CPU.ActiveCfg = Debug|Any CPU
		{4CCB0EB9-C55B-4322-8B95-E51A92A77B1B}.Debug|Any CPU.Build.0 = Debug|Any CPU
		{4CCB0EB9-C55B-4322-8B95-E51A92A77B1B}.Release|Any CPU.ActiveCfg = Release|Any CPU
		{4CCB0EB9-C55B-4322-8B95-E51A92A77B1B}.Release|Any CPU.Build.0 = Release|Any CPU
		{76B9F37A-4597-4A18-A634-3AC6EADE4EEA}.Debug|Any CPU.ActiveCfg = Debug|Any CPU
		{76B9F37A-4597-4A18-A634-3AC6EADE4EEA}.Debug|Any CPU.Build.0 = Debug|Any CPU
		{76B9F37A-4597-4A18-A634-3AC6EADE4EEA}.Release|Any CPU.ActiveCfg = Release|Any CPU
		{76B9F37A-4597-4A18-A634-3AC6EADE4EEA}.Release|Any CPU.Build.0 = Release|Any CPU
	EndGlobalSection
	GlobalSection(SolutionProperties) = preSolution
		HideSolutionNode = FALSE
	EndGlobalSection
	GlobalSection(NestedProjects) = preSolution
		{52539E71-B4FB-4154-A6B7-4241358AB53F} = {E13603A3-E540-49F2-9024-0379DDA6748F}
		{D0C655EC-1B0B-4230-B2F3-F56777E69275} = {E13603A3-E540-49F2-9024-0379DDA6748F}
		{E873D77A-ED8C-4D92-9C86-54D05EC0270F} = {E13603A3-E540-49F2-9024-0379DDA6748F}
	EndGlobalSection
	GlobalSection(ExtensibilityGlobals) = postSolution
		SolutionGuid = {B4EC30E5-B887-4D05-A399-8D74517B810C}
	EndGlobalSection
EndGlobal
